
Microsoft Visual Studio Solution File, Format Version 12.00
# Visual Studio Version 17
VisualStudioVersion = 17.9.34616.47
MinimumVisualStudioVersion = 10.0.40219.1
Project("{FAE04EC0-301F-11D3-BF4B-00C04F79EFBC}") = "FinanceTrackerCons", "FinanceTrackerCons.csproj", "{826A3EF2-F250-40BB-803A-9177C8AA6603}"
EndProject
Global
	GlobalSection(SolutionConfigurationPlatforms) = preSolution
		Debug|Any CPU = Debug|Any CPU
		Release|Any CPU = Release|Any CPU
	EndGlobalSection
	GlobalSection(ProjectConfigurationPlatforms) = postSolution
		{826A3EF2-F250-40BB-803A-9177C8AA6603}.Debug|Any CPU.ActiveCfg = Debug|Any CPU
		{826A3EF2-F250-40BB-803A-9177C8AA6603}.Debug|Any CPU.Build.0 = Debug|Any CPU
		{826A3EF2-F250-40BB-803A-9177C8AA6603}.Release|Any CPU.ActiveCfg = Release|Any CPU
		{826A3EF2-F250-40BB-803A-9177C8AA6603}.Release|Any CPU.Build.0 = Release|Any CPU
	EndGlobalSection
	GlobalSection(SolutionProperties) = preSolution
		HideSolutionNode = FALSE
	EndGlobalSection
	GlobalSection(ExtensibilityGlobals) = postSolution
		SolutionGuid = {80473DEB-FF62-41F6-9983-A94B40D29A6B}
	EndGlobalSection
EndGlobal
